
Microsoft Visual Studio Solution File, Format Version 12.00
# Visual Studio Version 17
VisualStudioVersion = 17.11.35219.272
MinimumVisualStudioVersion = 10.0.40219.1
Project("{FAE04EC0-301F-11D3-BF4B-00C04F79EFBC}") = "Code_Challenges", "Code_Challenges.csproj", "{F7F4FD77-C78A-437C-9E0C-AC5064FAA45E}"
EndProject
Project("{FAE04EC0-301F-11D3-BF4B-00C04F79EFBC}") = "Code_Challenges.Test", "..\Code_Challenges.Test\Code_Challenges.Test.csproj", "{81DD2608-1B01-4171-8152-10BC978ED2B8}"
EndProject
Project("{FAE04EC0-301F-11D3-BF4B-00C04F79EFBC}") = "Challenges", "..\Challenges\Challenges.csproj", "{433C1661-CA00-4591-B59E-0670D18A89C1}"
EndProject
Project("{2150E333-8FDC-42A3-9474-1A3956D46DE8}") = "Solution Items", "Solution Items", "{37C61885-6F85-4F0D-833A-C10727B6B1AB}"
	ProjectSection(SolutionItems) = preProject
		..\.gitignore = ..\.gitignore
	EndProjectSection
EndProject
Global
	GlobalSection(SolutionConfigurationPlatforms) = preSolution
		Debug|Any CPU = Debug|Any CPU
		Release|Any CPU = Release|Any CPU
	EndGlobalSection
	GlobalSection(ProjectConfigurationPlatforms) = postSolution
		{F7F4FD77-C78A-437C-9E0C-AC5064FAA45E}.Debug|Any CPU.ActiveCfg = Debug|Any CPU
		{F7F4FD77-C78A-437C-9E0C-AC5064FAA45E}.Debug|Any CPU.Build.0 = Debug|Any CPU
		{F7F4FD77-C78A-437C-9E0C-AC5064FAA45E}.Release|Any CPU.ActiveCfg = Release|Any CPU
		{F7F4FD77-C78A-437C-9E0C-AC5064FAA45E}.Release|Any CPU.Build.0 = Release|Any CPU
		{81DD2608-1B01-4171-8152-10BC978ED2B8}.Debug|Any CPU.ActiveCfg = Debug|Any CPU
		{81DD2608-1B01-4171-8152-10BC978ED2B8}.Debug|Any CPU.Build.0 = Debug|Any CPU
		{81DD2608-1B01-4171-8152-10BC978ED2B8}.Release|Any CPU.ActiveCfg = Release|Any CPU
		{81DD2608-1B01-4171-8152-10BC978ED2B8}.Release|Any CPU.Build.0 = Release|Any CPU
		{433C1661-CA00-4591-B59E-0670D18A89C1}.Debug|Any CPU.ActiveCfg = Debug|Any CPU
		{433C1661-CA00-4591-B59E-0670D18A89C1}.Debug|Any CPU.Build.0 = Debug|Any CPU
		{433C1661-CA00-4591-B59E-0670D18A89C1}.Release|Any CPU.ActiveCfg = Release|Any CPU
		{433C1661-CA00-4591-B59E-0670D18A89C1}.Release|Any CPU.Build.0 = Release|Any CPU
	EndGlobalSection
	GlobalSection(SolutionProperties) = preSolution
		HideSolutionNode = FALSE
	EndGlobalSection
	GlobalSection(ExtensibilityGlobals) = postSolution
		SolutionGuid = {B5179CF5-32A7-4699-88DE-E35D62A5910E}
	EndGlobalSection
EndGlobal
